// !$*UTF8*$!
{
	archiveVersion = 1;
	classes = {
	};
	objectVersion = 56;
	objects = {

/* Begin PBXBuildFile section */
		48D1B0F32AFB9F17005DDD82 /* TCANavigationApp.swift in Sources */ = {isa = PBXBuildFile; fileRef = 48D1B0F22AFB9F17005DDD82 /* TCANavigationApp.swift */; };
		48D1B0F52AFB9F17005DDD82 /* ContactsView.swift in Sources */ = {isa = PBXBuildFile; fileRef = 48D1B0F42AFB9F17005DDD82 /* ContactsView.swift */; };
		48D1B0F72AFB9F18005DDD82 /* Assets.xcassets in Resources */ = {isa = PBXBuildFile; fileRef = 48D1B0F62AFB9F18005DDD82 /* Assets.xcassets */; };
		48D1B0FA2AFB9F18005DDD82 /* Preview Assets.xcassets in Resources */ = {isa = PBXBuildFile; fileRef = 48D1B0F92AFB9F18005DDD82 /* Preview Assets.xcassets */; };
		48D1B1062AFB9FC9005DDD82 /* ContactsFeature.swift in Sources */ = {isa = PBXBuildFile; fileRef = 48D1B1052AFB9FC9005DDD82 /* ContactsFeature.swift */; };
		48D1B1092AFB9FEC005DDD82 /* ComposableArchitecture in Frameworks */ = {isa = PBXBuildFile; productRef = 48D1B1082AFB9FEC005DDD82 /* ComposableArchitecture */; };
		48D1B10C2AFBA07D005DDD82 /* Contact.swift in Sources */ = {isa = PBXBuildFile; fileRef = 48D1B10B2AFBA07D005DDD82 /* Contact.swift */; };
		48D1B1112AFBB7BB005DDD82 /* AddContactFeature.swift in Sources */ = {isa = PBXBuildFile; fileRef = 48D1B1102AFBB7BB005DDD82 /* AddContactFeature.swift */; };
		48D1B1132AFBB8EA005DDD82 /* AddContactView.swift in Sources */ = {isa = PBXBuildFile; fileRef = 48D1B1122AFBB8EA005DDD82 /* AddContactView.swift */; };
		48D1B1322AFBEA0D005DDD82 /* ContactsFeatureTests.swift in Sources */ = {isa = PBXBuildFile; fileRef = 48D1B1312AFBEA0D005DDD82 /* ContactsFeatureTests.swift */; };
/* End PBXBuildFile section */

/* Begin PBXContainerItemProxy section */
		48D1B12C2AFBE9EB005DDD82 /* PBXContainerItemProxy */ = {
			isa = PBXContainerItemProxy;
			containerPortal = 48D1B0E72AFB9F17005DDD82 /* Project object */;
			proxyType = 1;
			remoteGlobalIDString = 48D1B0EE2AFB9F17005DDD82;
			remoteInfo = TCANavigation;
		};
/* End PBXContainerItemProxy section */

/* Begin PBXFileReference section */
		48D1B0EF2AFB9F17005DDD82 /* TCANavigation.app */ = {isa = PBXFileReference; explicitFileType = wrapper.application; includeInIndex = 0; path = TCANavigation.app; sourceTree = BUILT_PRODUCTS_DIR; };
		48D1B0F22AFB9F17005DDD82 /* TCANavigationApp.swift */ = {isa = PBXFileReference; lastKnownFileType = sourcecode.swift; path = TCANavigationApp.swift; sourceTree = "<group>"; };
		48D1B0F42AFB9F17005DDD82 /* ContactsView.swift */ = {isa = PBXFileReference; lastKnownFileType = sourcecode.swift; path = ContactsView.swift; sourceTree = "<group>"; };
		48D1B0F62AFB9F18005DDD82 /* Assets.xcassets */ = {isa = PBXFileReference; lastKnownFileType = folder.assetcatalog; path = Assets.xcassets; sourceTree = "<group>"; };
		48D1B0F92AFB9F18005DDD82 /* Preview Assets.xcassets */ = {isa = PBXFileReference; lastKnownFileType = folder.assetcatalog; path = "Preview Assets.xcassets"; sourceTree = "<group>"; };
		48D1B1052AFB9FC9005DDD82 /* ContactsFeature.swift */ = {isa = PBXFileReference; lastKnownFileType = sourcecode.swift; path = ContactsFeature.swift; sourceTree = "<group>"; };
		48D1B10B2AFBA07D005DDD82 /* Contact.swift */ = {isa = PBXFileReference; lastKnownFileType = sourcecode.swift; path = Contact.swift; sourceTree = "<group>"; };
		48D1B1102AFBB7BB005DDD82 /* AddContactFeature.swift */ = {isa = PBXFileReference; lastKnownFileType = sourcecode.swift; path = AddContactFeature.swift; sourceTree = "<group>"; };
		48D1B1122AFBB8EA005DDD82 /* AddContactView.swift */ = {isa = PBXFileReference; lastKnownFileType = sourcecode.swift; path = AddContactView.swift; sourceTree = "<group>"; };
		48D1B1282AFBE9EB005DDD82 /* TCANavigationTests.xctest */ = {isa = PBXFileReference; explicitFileType = wrapper.cfbundle; includeInIndex = 0; path = TCANavigationTests.xctest; sourceTree = BUILT_PRODUCTS_DIR; };
		48D1B1312AFBEA0D005DDD82 /* ContactsFeatureTests.swift */ = {isa = PBXFileReference; lastKnownFileType = sourcecode.swift; path = ContactsFeatureTests.swift; sourceTree = "<group>"; };
/* End PBXFileReference section */

/* Begin PBXFrameworksBuildPhase section */
		48D1B0EC2AFB9F17005DDD82 /* Frameworks */ = {
			isa = PBXFrameworksBuildPhase;
			buildActionMask = 2147483647;
			files = (
				48D1B1092AFB9FEC005DDD82 /* ComposableArchitecture in Frameworks */,
			);
			runOnlyForDeploymentPostprocessing = 0;
		};
		48D1B1252AFBE9EB005DDD82 /* Frameworks */ = {
			isa = PBXFrameworksBuildPhase;
			buildActionMask = 2147483647;
			files = (
			);
			runOnlyForDeploymentPostprocessing = 0;
		};
/* End PBXFrameworksBuildPhase section */

/* Begin PBXGroup section */
		48D1B0E62AFB9F17005DDD82 = {
			isa = PBXGroup;
			children = (
				48D1B0F12AFB9F17005DDD82 /* TCANavigation */,
				48D1B1292AFBE9EB005DDD82 /* TCANavigationTests */,
				48D1B0F02AFB9F17005DDD82 /* Products */,
			);
			sourceTree = "<group>";
		};
		48D1B0F02AFB9F17005DDD82 /* Products */ = {
			isa = PBXGroup;
			children = (
				48D1B0EF2AFB9F17005DDD82 /* TCANavigation.app */,
				48D1B1282AFBE9EB005DDD82 /* TCANavigationTests.xctest */,
			);
			name = Products;
			sourceTree = "<group>";
		};
		48D1B0F12AFB9F17005DDD82 /* TCANavigation */ = {
			isa = PBXGroup;
			children = (
				48D1B1002AFB9F7A005DDD82 /* Application */,
				48D1B1022AFB9F91005DDD82 /* Main screen */,
				48D1B10D2AFBB786005DDD82 /* Add contact */,
				48D1B1012AFB9F84005DDD82 /* Resources */,
				48D1B0F82AFB9F18005DDD82 /* Preview Content */,
			);
			path = TCANavigation;
			sourceTree = "<group>";
		};
		48D1B0F82AFB9F18005DDD82 /* Preview Content */ = {
			isa = PBXGroup;
			children = (
				48D1B0F92AFB9F18005DDD82 /* Preview Assets.xcassets */,
			);
			path = "Preview Content";
			sourceTree = "<group>";
		};
		48D1B1002AFB9F7A005DDD82 /* Application */ = {
			isa = PBXGroup;
			children = (
				48D1B0F22AFB9F17005DDD82 /* TCANavigationApp.swift */,
			);
			path = Application;
			sourceTree = "<group>";
		};
		48D1B1012AFB9F84005DDD82 /* Resources */ = {
			isa = PBXGroup;
			children = (
				48D1B0F62AFB9F18005DDD82 /* Assets.xcassets */,
			);
			path = Resources;
			sourceTree = "<group>";
		};
		48D1B1022AFB9F91005DDD82 /* Main screen */ = {
			isa = PBXGroup;
			children = (
				48D1B10A2AFBA063005DDD82 /* Model */,
				48D1B1032AFB9F9E005DDD82 /* View */,
				48D1B1042AFB9FA4005DDD82 /* Reducer */,
			);
			path = "Main screen";
			sourceTree = "<group>";
		};
		48D1B1032AFB9F9E005DDD82 /* View */ = {
			isa = PBXGroup;
			children = (
				48D1B0F42AFB9F17005DDD82 /* ContactsView.swift */,
			);
			path = View;
			sourceTree = "<group>";
		};
		48D1B1042AFB9FA4005DDD82 /* Reducer */ = {
			isa = PBXGroup;
			children = (
				48D1B1052AFB9FC9005DDD82 /* ContactsFeature.swift */,
			);
			path = Reducer;
			sourceTree = "<group>";
		};
		48D1B10A2AFBA063005DDD82 /* Model */ = {
			isa = PBXGroup;
			children = (
				48D1B10B2AFBA07D005DDD82 /* Contact.swift */,
			);
			path = Model;
			sourceTree = "<group>";
		};
		48D1B10D2AFBB786005DDD82 /* Add contact */ = {
			isa = PBXGroup;
			children = (
				48D1B10E2AFBB79E005DDD82 /* View */,
				48D1B10F2AFBB7A6005DDD82 /* Reducer */,
			);
			path = "Add contact";
			sourceTree = "<group>";
		};
		48D1B10E2AFBB79E005DDD82 /* View */ = {
			isa = PBXGroup;
			children = (
				48D1B1122AFBB8EA005DDD82 /* AddContactView.swift */,
			);
			path = View;
			sourceTree = "<group>";
		};
		48D1B10F2AFBB7A6005DDD82 /* Reducer */ = {
			isa = PBXGroup;
			children = (
				48D1B1102AFBB7BB005DDD82 /* AddContactFeature.swift */,
			);
			path = Reducer;
			sourceTree = "<group>";
		};
		48D1B1292AFBE9EB005DDD82 /* TCANavigationTests */ = {
			isa = PBXGroup;
			children = (
				48D1B1312AFBEA0D005DDD82 /* ContactsFeatureTests.swift */,
			);
			path = TCANavigationTests;
			sourceTree = "<group>";
		};
/* End PBXGroup section */

/* Begin PBXNativeTarget section */
		48D1B0EE2AFB9F17005DDD82 /* TCANavigation */ = {
			isa = PBXNativeTarget;
			buildConfigurationList = 48D1B0FD2AFB9F18005DDD82 /* Build configuration list for PBXNativeTarget "TCANavigation" */;
			buildPhases = (
				48D1B0EB2AFB9F17005DDD82 /* Sources */,
				48D1B0EC2AFB9F17005DDD82 /* Frameworks */,
				48D1B0ED2AFB9F17005DDD82 /* Resources */,
			);
			buildRules = (
			);
			dependencies = (
			);
			name = TCANavigation;
			packageProductDependencies = (
				48D1B1082AFB9FEC005DDD82 /* ComposableArchitecture */,
			);
			productName = TCANavigation;
			productReference = 48D1B0EF2AFB9F17005DDD82 /* TCANavigation.app */;
			productType = "com.apple.product-type.application";
		};
		48D1B1272AFBE9EB005DDD82 /* TCANavigationTests */ = {
			isa = PBXNativeTarget;
			buildConfigurationList = 48D1B12E2AFBE9EB005DDD82 /* Build configuration list for PBXNativeTarget "TCANavigationTests" */;
			buildPhases = (
				48D1B1242AFBE9EB005DDD82 /* Sources */,
				48D1B1252AFBE9EB005DDD82 /* Frameworks */,
				48D1B1262AFBE9EB005DDD82 /* Resources */,
			);
			buildRules = (
			);
			dependencies = (
				48D1B12D2AFBE9EB005DDD82 /* PBXTargetDependency */,
			);
			name = TCANavigationTests;
			productName = TCANavigationTests;
			productReference = 48D1B1282AFBE9EB005DDD82 /* TCANavigationTests.xctest */;
			productType = "com.apple.product-type.bundle.unit-test";
		};
/* End PBXNativeTarget section */

/* Begin PBXProject section */
		48D1B0E72AFB9F17005DDD82 /* Project object */ = {
			isa = PBXProject;
			attributes = {
				BuildIndependentTargetsInParallel = 1;
				LastSwiftUpdateCheck = 1500;
				LastUpgradeCheck = 1500;
				TargetAttributes = {
					48D1B0EE2AFB9F17005DDD82 = {
						CreatedOnToolsVersion = 15.0;
					};
					48D1B1272AFBE9EB005DDD82 = {
						CreatedOnToolsVersion = 15.0;
						LastSwiftMigration = 1500;
						TestTargetID = 48D1B0EE2AFB9F17005DDD82;
					};
				};
			};
			buildConfigurationList = 48D1B0EA2AFB9F17005DDD82 /* Build configuration list for PBXProject "TCANavigation" */;
			compatibilityVersion = "Xcode 14.0";
			developmentRegion = en;
			hasScannedForEncodings = 0;
			knownRegions = (
				en,
				Base,
			);
			mainGroup = 48D1B0E62AFB9F17005DDD82;
			packageReferences = (
				48D1B1072AFB9FEC005DDD82 /* XCRemoteSwiftPackageReference "swift-composable-architecture" */,
			);
			productRefGroup = 48D1B0F02AFB9F17005DDD82 /* Products */;
			projectDirPath = "";
			projectRoot = "";
			targets = (
				48D1B0EE2AFB9F17005DDD82 /* TCANavigation */,
				48D1B1272AFBE9EB005DDD82 /* TCANavigationTests */,
			);
		};
/* End PBXProject section */

/* Begin PBXResourcesBuildPhase section */
		48D1B0ED2AFB9F17005DDD82 /* Resources */ = {
			isa = PBXResourcesBuildPhase;
			buildActionMask = 2147483647;
			files = (
				48D1B0FA2AFB9F18005DDD82 /* Preview Assets.xcassets in Resources */,
				48D1B0F72AFB9F18005DDD82 /* Assets.xcassets in Resources */,
			);
			runOnlyForDeploymentPostprocessing = 0;
		};
		48D1B1262AFBE9EB005DDD82 /* Resources */ = {
			isa = PBXResourcesBuildPhase;
			buildActionMask = 2147483647;
			files = (
			);
			runOnlyForDeploymentPostprocessing = 0;
		};
/* End PBXResourcesBuildPhase section */

/* Begin PBXSourcesBuildPhase section */
		48D1B0EB2AFB9F17005DDD82 /* Sources */ = {
			isa = PBXSourcesBuildPhase;
			buildActionMask = 2147483647;
			files = (
				48D1B10C2AFBA07D005DDD82 /* Contact.swift in Sources */,
				48D1B1112AFBB7BB005DDD82 /* AddContactFeature.swift in Sources */,
				48D1B0F52AFB9F17005DDD82 /* ContactsView.swift in Sources */,
				48D1B1132AFBB8EA005DDD82 /* AddContactView.swift in Sources */,
				48D1B0F32AFB9F17005DDD82 /* TCANavigationApp.swift in Sources */,
				48D1B1062AFB9FC9005DDD82 /* ContactsFeature.swift in Sources */,
			);
			runOnlyForDeploymentPostprocessing = 0;
		};
		48D1B1242AFBE9EB005DDD82 /* Sources */ = {
			isa = PBXSourcesBuildPhase;
			buildActionMask = 2147483647;
			files = (
				48D1B1322AFBEA0D005DDD82 /* ContactsFeatureTests.swift in Sources */,
			);
			runOnlyForDeploymentPostprocessing = 0;
		};
/* End PBXSourcesBuildPhase section */

/* Begin PBXTargetDependency section */
		48D1B12D2AFBE9EB005DDD82 /* PBXTargetDependency */ = {
			isa = PBXTargetDependency;
			target = 48D1B0EE2AFB9F17005DDD82 /* TCANavigation */;
			targetProxy = 48D1B12C2AFBE9EB005DDD82 /* PBXContainerItemProxy */;
		};
/* End PBXTargetDependency section */

/* Begin XCBuildConfiguration section */
		48D1B0FB2AFB9F18005DDD82 /* Debug */ = {
			isa = XCBuildConfiguration;
			buildSettings = {
				ALWAYS_SEARCH_USER_PATHS = NO;
				ASSETCATALOG_COMPILER_GENERATE_SWIFT_ASSET_SYMBOL_EXTENSIONS = YES;
				CLANG_ANALYZER_NONNULL = YES;
				CLANG_ANALYZER_NUMBER_OBJECT_CONVERSION = YES_AGGRESSIVE;
				CLANG_CXX_LANGUAGE_STANDARD = "gnu++20";
				CLANG_ENABLE_MODULES = YES;
				CLANG_ENABLE_OBJC_ARC = YES;
				CLANG_ENABLE_OBJC_WEAK = YES;
				CLANG_WARN_BLOCK_CAPTURE_AUTORELEASING = YES;
				CLANG_WARN_BOOL_CONVERSION = YES;
				CLANG_WARN_COMMA = YES;
				CLANG_WARN_CONSTANT_CONVERSION = YES;
				CLANG_WARN_DEPRECATED_OBJC_IMPLEMENTATIONS = YES;
				CLANG_WARN_DIRECT_OBJC_ISA_USAGE = YES_ERROR;
				CLANG_WARN_DOCUMENTATION_COMMENTS = YES;
				CLANG_WARN_EMPTY_BODY = YES;
				CLANG_WARN_ENUM_CONVERSION = YES;
				CLANG_WARN_INFINITE_RECURSION = YES;
				CLANG_WARN_INT_CONVERSION = YES;
				CLANG_WARN_NON_LITERAL_NULL_CONVERSION = YES;
				CLANG_WARN_OBJC_IMPLICIT_RETAIN_SELF = YES;
				CLANG_WARN_OBJC_LITERAL_CONVERSION = YES;
				CLANG_WARN_OBJC_ROOT_CLASS = YES_ERROR;
				CLANG_WARN_QUOTED_INCLUDE_IN_FRAMEWORK_HEADER = YES;
				CLANG_WARN_RANGE_LOOP_ANALYSIS = YES;
				CLANG_WARN_STRICT_PROTOTYPES = YES;
				CLANG_WARN_SUSPICIOUS_MOVE = YES;
				CLANG_WARN_UNGUARDED_AVAILABILITY = YES_AGGRESSIVE;
				CLANG_WARN_UNREACHABLE_CODE = YES;
				CLANG_WARN__DUPLICATE_METHOD_MATCH = YES;
				COPY_PHASE_STRIP = NO;
				DEBUG_INFORMATION_FORMAT = dwarf;
				ENABLE_STRICT_OBJC_MSGSEND = YES;
				ENABLE_TESTABILITY = YES;
				ENABLE_USER_SCRIPT_SANDBOXING = YES;
				GCC_C_LANGUAGE_STANDARD = gnu17;
				GCC_DYNAMIC_NO_PIC = NO;
				GCC_NO_COMMON_BLOCKS = YES;
				GCC_OPTIMIZATION_LEVEL = 0;
				GCC_PREPROCESSOR_DEFINITIONS = (
					"DEBUG=1",
					"$(inherited)",
				);
				GCC_WARN_64_TO_32_BIT_CONVERSION = YES;
				GCC_WARN_ABOUT_RETURN_TYPE = YES_ERROR;
				GCC_WARN_UNDECLARED_SELECTOR = YES;
				GCC_WARN_UNINITIALIZED_AUTOS = YES_AGGRESSIVE;
				GCC_WARN_UNUSED_FUNCTION = YES;
				GCC_WARN_UNUSED_VARIABLE = YES;
				IPHONEOS_DEPLOYMENT_TARGET = 17.0;
				LOCALIZATION_PREFERS_STRING_CATALOGS = YES;
				MTL_ENABLE_DEBUG_INFO = INCLUDE_SOURCE;
				MTL_FAST_MATH = YES;
				ONLY_ACTIVE_ARCH = YES;
				SDKROOT = iphoneos;
				SWIFT_ACTIVE_COMPILATION_CONDITIONS = "DEBUG $(inherited)";
				SWIFT_OPTIMIZATION_LEVEL = "-Onone";
			};
			name = Debug;
		};
		48D1B0FC2AFB9F18005DDD82 /* Release */ = {
			isa = XCBuildConfiguration;
			buildSettings = {
				ALWAYS_SEARCH_USER_PATHS = NO;
				ASSETCATALOG_COMPILER_GENERATE_SWIFT_ASSET_SYMBOL_EXTENSIONS = YES;
				CLANG_ANALYZER_NONNULL = YES;
				CLANG_ANALYZER_NUMBER_OBJECT_CONVERSION = YES_AGGRESSIVE;
				CLANG_CXX_LANGUAGE_STANDARD = "gnu++20";
				CLANG_ENABLE_MODULES = YES;
				CLANG_ENABLE_OBJC_ARC = YES;
				CLANG_ENABLE_OBJC_WEAK = YES;
				CLANG_WARN_BLOCK_CAPTURE_AUTORELEASING = YES;
				CLANG_WARN_BOOL_CONVERSION = YES;
				CLANG_WARN_COMMA = YES;
				CLANG_WARN_CONSTANT_CONVERSION = YES;
				CLANG_WARN_DEPRECATED_OBJC_IMPLEMENTATIONS = YES;
				CLANG_WARN_DIRECT_OBJC_ISA_USAGE = YES_ERROR;
				CLANG_WARN_DOCUMENTATION_COMMENTS = YES;
				CLANG_WARN_EMPTY_BODY = YES;
				CLANG_WARN_ENUM_CONVERSION = YES;
				CLANG_WARN_INFINITE_RECURSION = YES;
				CLANG_WARN_INT_CONVERSION = YES;
				CLANG_WARN_NON_LITERAL_NULL_CONVERSION = YES;
				CLANG_WARN_OBJC_IMPLICIT_RETAIN_SELF = YES;
				CLANG_WARN_OBJC_LITERAL_CONVERSION = YES;
				CLANG_WARN_OBJC_ROOT_CLASS = YES_ERROR;
				CLANG_WARN_QUOTED_INCLUDE_IN_FRAMEWORK_HEADER = YES;
				CLANG_WARN_RANGE_LOOP_ANALYSIS = YES;
				CLANG_WARN_STRICT_PROTOTYPES = YES;
				CLANG_WARN_SUSPICIOUS_MOVE = YES;
				CLANG_WARN_UNGUARDED_AVAILABILITY = YES_AGGRESSIVE;
				CLANG_WARN_UNREACHABLE_CODE = YES;
				CLANG_WARN__DUPLICATE_METHOD_MATCH = YES;
				COPY_PHASE_STRIP = NO;
				DEBUG_INFORMATION_FORMAT = "dwarf-with-dsym";
				ENABLE_NS_ASSERTIONS = NO;
				ENABLE_STRICT_OBJC_MSGSEND = YES;
				ENABLE_USER_SCRIPT_SANDBOXING = YES;
				GCC_C_LANGUAGE_STANDARD = gnu17;
				GCC_NO_COMMON_BLOCKS = YES;
				GCC_WARN_64_TO_32_BIT_CONVERSION = YES;
				GCC_WARN_ABOUT_RETURN_TYPE = YES_ERROR;
				GCC_WARN_UNDECLARED_SELECTOR = YES;
				GCC_WARN_UNINITIALIZED_AUTOS = YES_AGGRESSIVE;
				GCC_WARN_UNUSED_FUNCTION = YES;
				GCC_WARN_UNUSED_VARIABLE = YES;
				IPHONEOS_DEPLOYMENT_TARGET = 17.0;
				LOCALIZATION_PREFERS_STRING_CATALOGS = YES;
				MTL_ENABLE_DEBUG_INFO = NO;
				MTL_FAST_MATH = YES;
				SDKROOT = iphoneos;
				SWIFT_COMPILATION_MODE = wholemodule;
				VALIDATE_PRODUCT = YES;
			};
			name = Release;
		};
		48D1B0FE2AFB9F18005DDD82 /* Debug */ = {
			isa = XCBuildConfiguration;
			buildSettings = {
				ASSETCATALOG_COMPILER_APPICON_NAME = AppIcon;
				ASSETCATALOG_COMPILER_GLOBAL_ACCENT_COLOR_NAME = AccentColor;
				CODE_SIGN_STYLE = Automatic;
				CURRENT_PROJECT_VERSION = 1;
				DEVELOPMENT_ASSET_PATHS = "\"TCANavigation/Preview Content\"";
				DEVELOPMENT_TEAM = JJ624BWUC6;
				ENABLE_PREVIEWS = YES;
				GENERATE_INFOPLIST_FILE = YES;
				INFOPLIST_KEY_UIApplicationSceneManifest_Generation = YES;
				INFOPLIST_KEY_UIApplicationSupportsIndirectInputEvents = YES;
				INFOPLIST_KEY_UILaunchScreen_Generation = YES;
				INFOPLIST_KEY_UISupportedInterfaceOrientations_iPad = "UIInterfaceOrientationPortrait UIInterfaceOrientationPortraitUpsideDown UIInterfaceOrientationLandscapeLeft UIInterfaceOrientationLandscapeRight";
				INFOPLIST_KEY_UISupportedInterfaceOrientations_iPhone = "UIInterfaceOrientationPortrait UIInterfaceOrientationLandscapeLeft UIInterfaceOrientationLandscapeRight";
				LD_RUNPATH_SEARCH_PATHS = (
					"$(inherited)",
					"@executable_path/Frameworks",
				);
				MARKETING_VERSION = 1.0;
				PRODUCT_BUNDLE_IDENTIFIER = com.tdmns.TCANavigation;
				PRODUCT_NAME = "$(TARGET_NAME)";
				SWIFT_EMIT_LOC_STRINGS = YES;
				SWIFT_VERSION = 5.0;
				TARGETED_DEVICE_FAMILY = "1,2";
			};
			name = Debug;
		};
		48D1B0FF2AFB9F18005DDD82 /* Release */ = {
			isa = XCBuildConfiguration;
			buildSettings = {
				ASSETCATALOG_COMPILER_APPICON_NAME = AppIcon;
				ASSETCATALOG_COMPILER_GLOBAL_ACCENT_COLOR_NAME = AccentColor;
				CODE_SIGN_STYLE = Automatic;
				CURRENT_PROJECT_VERSION = 1;
				DEVELOPMENT_ASSET_PATHS = "\"TCANavigation/Preview Content\"";
				DEVELOPMENT_TEAM = JJ624BWUC6;
				ENABLE_PREVIEWS = YES;
				GENERATE_INFOPLIST_FILE = YES;
				INFOPLIST_KEY_UIApplicationSceneManifest_Generation = YES;
				INFOPLIST_KEY_UIApplicationSupportsIndirectInputEvents = YES;
				INFOPLIST_KEY_UILaunchScreen_Generation = YES;
				INFOPLIST_KEY_UISupportedInterfaceOrientations_iPad = "UIInterfaceOrientationPortrait UIInterfaceOrientationPortraitUpsideDown UIInterfaceOrientationLandscapeLeft UIInterfaceOrientationLandscapeRight";
				INFOPLIST_KEY_UISupportedInterfaceOrientations_iPhone = "UIInterfaceOrientationPortrait UIInterfaceOrientationLandscapeLeft UIInterfaceOrientationLandscapeRight";
				LD_RUNPATH_SEARCH_PATHS = (
					"$(inherited)",
					"@executable_path/Frameworks",
				);
				MARKETING_VERSION = 1.0;
				PRODUCT_BUNDLE_IDENTIFIER = com.tdmns.TCANavigation;
				PRODUCT_NAME = "$(TARGET_NAME)";
				SWIFT_EMIT_LOC_STRINGS = YES;
				SWIFT_VERSION = 5.0;
				TARGETED_DEVICE_FAMILY = "1,2";
			};
			name = Release;
		};
		48D1B12F2AFBE9EB005DDD82 /* Debug */ = {
			isa = XCBuildConfiguration;
			buildSettings = {
				BUNDLE_LOADER = "$(TEST_HOST)";
				CLANG_ENABLE_MODULES = YES;
				CODE_SIGN_STYLE = Automatic;
				CURRENT_PROJECT_VERSION = 1;
				DEVELOPMENT_TEAM = JJ624BWUC6;
				GENERATE_INFOPLIST_FILE = YES;
				MARKETING_VERSION = 1.0;
				PRODUCT_BUNDLE_IDENTIFIER = com.tdmns.TCANavigationTests;
				PRODUCT_NAME = "$(TARGET_NAME)";
				SWIFT_EMIT_LOC_STRINGS = NO;
				SWIFT_OPTIMIZATION_LEVEL = "-Onone";
				SWIFT_VERSION = 5.0;
				TARGETED_DEVICE_FAMILY = "1,2";
				TEST_HOST = "$(BUILT_PRODUCTS_DIR)/TCANavigation.app/$(BUNDLE_EXECUTABLE_FOLDER_PATH)/TCANavigation";
			};
			name = Debug;
		};
		48D1B1302AFBE9EB005DDD82 /* Release */ = {
			isa = XCBuildConfiguration;
			buildSettings = {
				BUNDLE_LOADER = "$(TEST_HOST)";
				CLANG_ENABLE_MODULES = YES;
				CODE_SIGN_STYLE = Automatic;
				CURRENT_PROJECT_VERSION = 1;
				DEVELOPMENT_TEAM = JJ624BWUC6;
				GENERATE_INFOPLIST_FILE = YES;
				MARKETING_VERSION = 1.0;
				PRODUCT_BUNDLE_IDENTIFIER = com.tdmns.TCANavigationTests;
				PRODUCT_NAME = "$(TARGET_NAME)";
				SWIFT_EMIT_LOC_STRINGS = NO;
				SWIFT_VERSION = 5.0;
				TARGETED_DEVICE_FAMILY = "1,2";
				TEST_HOST = "$(BUILT_PRODUCTS_DIR)/TCANavigation.app/$(BUNDLE_EXECUTABLE_FOLDER_PATH)/TCANavigation";
			};
			name = Release;
		};
/* End XCBuildConfiguration section */

/* Begin XCConfigurationList section */
		48D1B0EA2AFB9F17005DDD82 /* Build configuration list for PBXProject "TCANavigation" */ = {
			isa = XCConfigurationList;
			buildConfigurations = (
				48D1B0FB2AFB9F18005DDD82 /* Debug */,
				48D1B0FC2AFB9F18005DDD82 /* Release */,
			);
			defaultConfigurationIsVisible = 0;
			defaultConfigurationName = Release;
		};
		48D1B0FD2AFB9F18005DDD82 /* Build configuration list for PBXNativeTarget "TCANavigation" */ = {
			isa = XCConfigurationList;
			buildConfigurations = (
				48D1B0FE2AFB9F18005DDD82 /* Debug */,
				48D1B0FF2AFB9F18005DDD82 /* Release */,
			);
			defaultConfigurationIsVisible = 0;
			defaultConfigurationName = Release;
		};
		48D1B12E2AFBE9EB005DDD82 /* Build configuration list for PBXNativeTarget "TCANavigationTests" */ = {
			isa = XCConfigurationList;
			buildConfigurations = (
				48D1B12F2AFBE9EB005DDD82 /* Debug */,
				48D1B1302AFBE9EB005DDD82 /* Release */,
			);
			defaultConfigurationIsVisible = 0;
			defaultConfigurationName = Release;
		};
/* End XCConfigurationList section */

/* Begin XCRemoteSwiftPackageReference section */
		48D1B1072AFB9FEC005DDD82 /* XCRemoteSwiftPackageReference "swift-composable-architecture" */ = {
			isa = XCRemoteSwiftPackageReference;
			repositoryURL = "https://github.com/pointfreeco/swift-composable-architecture";
			requirement = {
				kind = upToNextMajorVersion;
				minimumVersion = 1.3.0;
			};
		};
/* End XCRemoteSwiftPackageReference section */

/* Begin XCSwiftPackageProductDependency section */
		48D1B1082AFB9FEC005DDD82 /* ComposableArchitecture */ = {
			isa = XCSwiftPackageProductDependency;
			package = 48D1B1072AFB9FEC005DDD82 /* XCRemoteSwiftPackageReference "swift-composable-architecture" */;
			productName = ComposableArchitecture;
		};
/* End XCSwiftPackageProductDependency section */
	};
	rootObject = 48D1B0E72AFB9F17005DDD82 /* Project object */;
}
